
Microsoft Visual Studio Solution File, Format Version 12.00
# Visual Studio Version 16
VisualStudioVersion = 16.0.31911.196
MinimumVisualStudioVersion = 10.0.40219.1
Project("{FAE04EC0-301F-11D3-BF4B-00C04F79EFBC}") = "İki Sayının Ortalaması", "İki Sayının Ortalaması\İki Sayının Ortalaması.csproj", "{81F73B9B-C360-40DA-A297-FA556887F321}"
EndProject
Global
	GlobalSection(SolutionConfigurationPlatforms) = preSolution
		Debug|Any CPU = Debug|Any CPU
		Release|Any CPU = Release|Any CPU
	EndGlobalSection
	GlobalSection(ProjectConfigurationPlatforms) = postSolution
		{81F73B9B-C360-40DA-A297-FA556887F321}.Debug|Any CPU.ActiveCfg = Debug|Any CPU
		{81F73B9B-C360-40DA-A297-FA556887F321}.Debug|Any CPU.Build.0 = Debug|Any CPU
		{81F73B9B-C360-40DA-A297-FA556887F321}.Release|Any CPU.ActiveCfg = Release|Any CPU
		{81F73B9B-C360-40DA-A297-FA556887F321}.Release|Any CPU.Build.0 = Release|Any CPU
	EndGlobalSection
	GlobalSection(SolutionProperties) = preSolution
		HideSolutionNode = FALSE
	EndGlobalSection
	GlobalSection(ExtensibilityGlobals) = postSolution
		SolutionGuid = {D824914E-2142-4EC0-80AA-3B1C151F9917}
	EndGlobalSection
EndGlobal
