
Microsoft Visual Studio Solution File, Format Version 12.00
# Visual Studio Version 16
VisualStudioVersion = 16.0.31911.196
MinimumVisualStudioVersion = 10.0.40219.1
Project("{FAE04EC0-301F-11D3-BF4B-00C04F79EFBC}") = "Sayının Küpünü Hesaplama", "Sayının Karesini Hesaplama\Sayının Küpünü Hesaplama.csproj", "{406E4EB6-E5D6-4854-939A-DD017DDF230A}"
EndProject
Global
	GlobalSection(SolutionConfigurationPlatforms) = preSolution
		Debug|Any CPU = Debug|Any CPU
		Release|Any CPU = Release|Any CPU
	EndGlobalSection
	GlobalSection(ProjectConfigurationPlatforms) = postSolution
		{406E4EB6-E5D6-4854-939A-DD017DDF230A}.Debug|Any CPU.ActiveCfg = Debug|Any CPU
		{406E4EB6-E5D6-4854-939A-DD017DDF230A}.Debug|Any CPU.Build.0 = Debug|Any CPU
		{406E4EB6-E5D6-4854-939A-DD017DDF230A}.Release|Any CPU.ActiveCfg = Release|Any CPU
		{406E4EB6-E5D6-4854-939A-DD017DDF230A}.Release|Any CPU.Build.0 = Release|Any CPU
	EndGlobalSection
	GlobalSection(SolutionProperties) = preSolution
		HideSolutionNode = FALSE
	EndGlobalSection
	GlobalSection(ExtensibilityGlobals) = postSolution
		SolutionGuid = {70D1E1E6-1F61-47B3-AC56-23F727E03A7D}
	EndGlobalSection
EndGlobal
